
Microsoft Visual Studio Solution File, Format Version 12.00
# Visual Studio 15
VisualStudioVersion = 15.0.28307.1022
MinimumVisualStudioVersion = 10.0.40219.1
Project("{FAE04EC0-301F-11D3-BF4B-00C04F79EFBC}") = "ED!1_Lab1", "ED!1_Lab1\ED!1_Lab1.csproj", "{3F993042-D6E5-4C7E-97A2-62BECEF6A5E4}"
EndProject
Global
	GlobalSection(SolutionConfigurationPlatforms) = preSolution
		Debug|Any CPU = Debug|Any CPU
		Release|Any CPU = Release|Any CPU
	EndGlobalSection
	GlobalSection(ProjectConfigurationPlatforms) = postSolution
		{3F993042-D6E5-4C7E-97A2-62BECEF6A5E4}.Debug|Any CPU.ActiveCfg = Debug|Any CPU
		{3F993042-D6E5-4C7E-97A2-62BECEF6A5E4}.Debug|Any CPU.Build.0 = Debug|Any CPU
		{3F993042-D6E5-4C7E-97A2-62BECEF6A5E4}.Release|Any CPU.ActiveCfg = Release|Any CPU
		{3F993042-D6E5-4C7E-97A2-62BECEF6A5E4}.Release|Any CPU.Build.0 = Release|Any CPU
	EndGlobalSection
	GlobalSection(SolutionProperties) = preSolution
		HideSolutionNode = FALSE
	EndGlobalSection
	GlobalSection(ExtensibilityGlobals) = postSolution
		SolutionGuid = {FF9E481F-72FC-4C35-8BFA-963A3F7990D3}
	EndGlobalSection
EndGlobal
